
Microsoft Visual Studio Solution File, Format Version 12.00
# Visual Studio Version 17
VisualStudioVersion = 17.1.32228.430
MinimumVisualStudioVersion = 10.0.40219.1
Project("{F184B08F-C81C-45F6-A57F-5ABD9991F28F}") = "SALCO-ADB", "SALCO-ADB.vbproj", "{DAA8337E-2768-4FA8-86F4-6D7F54292E73}"
EndProject
Global
	GlobalSection(SolutionConfigurationPlatforms) = preSolution
		Debug|Any CPU = Debug|Any CPU
		Debug|x86 = Debug|x86
		Release|Any CPU = Release|Any CPU
		Release|x86 = Release|x86
	EndGlobalSection
	GlobalSection(ProjectConfigurationPlatforms) = postSolution
		{DAA8337E-2768-4FA8-86F4-6D7F54292E73}.Debug|Any CPU.ActiveCfg = Debug|Any CPU
		{DAA8337E-2768-4FA8-86F4-6D7F54292E73}.Debug|Any CPU.Build.0 = Debug|Any CPU
		{DAA8337E-2768-4FA8-86F4-6D7F54292E73}.Debug|x86.ActiveCfg = Debug|x86
		{DAA8337E-2768-4FA8-86F4-6D7F54292E73}.Debug|x86.Build.0 = Debug|x86
		{DAA8337E-2768-4FA8-86F4-6D7F54292E73}.Release|Any CPU.ActiveCfg = Release|Any CPU
		{DAA8337E-2768-4FA8-86F4-6D7F54292E73}.Release|Any CPU.Build.0 = Release|Any CPU
		{DAA8337E-2768-4FA8-86F4-6D7F54292E73}.Release|x86.ActiveCfg = Release|x86
		{DAA8337E-2768-4FA8-86F4-6D7F54292E73}.Release|x86.Build.0 = Release|x86
	EndGlobalSection
	GlobalSection(SolutionProperties) = preSolution
		HideSolutionNode = FALSE
	EndGlobalSection
	GlobalSection(ExtensibilityGlobals) = postSolution
		SolutionGuid = {0159779B-7738-406B-A669-48CE09A9D4ED}
	EndGlobalSection
EndGlobal
